{
	"name": "haxe-hl",
	"version": "0.4.3",
	"lockfileVersion": 1,
	"requires": true,
	"dependencies": {
		"bindings": {
			"version": "1.3.0",
			"resolved": "https://registry.npmjs.org/bindings/-/bindings-1.3.0.tgz",
			"integrity": "sha512-DpLh5EzMR2kzvX1KIlVC0VkC3iZtHKTgdtZ0a3pglBZdaQFjt5S9g9xd1lE+YvXyfd6mtCeRnrUfOLYiTMlNSw=="
		},
		"deasync": {
			"version": "0.1.11",
			"resolved": "https://registry.npmjs.org/deasync/-/deasync-0.1.11.tgz",
			"integrity": "sha1-PR8iii/s9KGzWdouY2iJlC+L8Uw=",
			"requires": {
				"bindings": "1.2.1",
				"nan": "2.11.0"
			},
			"dependencies": {
				"bindings": {
					"version": "1.2.1",
					"resolved": "https://registry.npmjs.org/bindings/-/bindings-1.2.1.tgz",
					"integrity": "sha1-FK1hE4EtLTfXLme0ystLtyZQXxE="
				}
			}
		},
		"debug": {
			"version": "2.6.9",
			"resolved": "https://registry.npmjs.org/debug/-/debug-2.6.9.tgz",
			"integrity": "sha512-bC7ElrdJaJnPbAP+1EotYvqZsb3ecl5wi6Bfi6BJTUcNowp6cvspg0jXznRTKDjm/E7AdgFBVeAPVMNcKGsHMA==",
			"requires": {
				"ms": "2.0.0"
			}
		},
		"ffi": {
			"version": "2.2.0",
			"resolved": "https://registry.npmjs.org/ffi/-/ffi-2.2.0.tgz",
			"integrity": "sha1-vxiwRmain3EiftVoldVDCvRwQvo=",
			"requires": {
				"bindings": "1.2.1",
				"debug": "2.6.9",
				"nan": "2.11.0",
				"ref": "1.3.5",
				"ref-struct": "1.1.0"
			},
			"dependencies": {
				"bindings": {
					"version": "1.2.1",
					"resolved": "https://registry.npmjs.org/bindings/-/bindings-1.2.1.tgz",
					"integrity": "sha1-FK1hE4EtLTfXLme0ystLtyZQXxE="
				}
			}
		},
		"ms": {
			"version": "2.0.0",
			"resolved": "https://registry.npmjs.org/ms/-/ms-2.0.0.tgz",
			"integrity": "sha1-VgiurfwAvmwpAd9fmGF4jeDVl8g="
		},
		"nan": {
			"version": "2.11.0",
			"resolved": "https://registry.npmjs.org/nan/-/nan-2.11.0.tgz",
			"integrity": "sha512-F4miItu2rGnV2ySkXOQoA8FKz/SR2Q2sWP0sbTxNxz/tuokeC8WxOhPMcwi0qIyGtVn/rrSeLbvVkznqCdwYnw=="
		},
		"ref": {
			"version": "1.3.5",
			"resolved": "https://registry.npmjs.org/ref/-/ref-1.3.5.tgz",
			"integrity": "sha512-2cBCniTtxcGUjDpvFfVpw323a83/0RLSGJJY5l5lcomZWhYpU2cuLdsvYqMixvsdLJ9+sTdzEkju8J8ZHDM2nA==",
			"requires": {
				"bindings": "1.3.0",
				"debug": "2.6.9",
				"nan": "2.11.0"
			}
		},
		"ref-struct": {
			"version": "1.1.0",
			"resolved": "https://registry.npmjs.org/ref-struct/-/ref-struct-1.1.0.tgz",
			"integrity": "sha1-XV7mWtQc78Olxf60BYcmHkee3BM=",
			"requires": {
				"debug": "2.6.9",
				"ref": "1.3.5"
			}
		},
		"vscode-debugadapter": {
			"version": "1.24.0",
			"resolved": "https://registry.npmjs.org/vscode-debugadapter/-/vscode-debugadapter-1.24.0.tgz",
			"integrity": "sha1-KAY7AcyorB5fehPRGOMgem6If/0=",
			"requires": {
				"vscode-debugprotocol": "1.24.0"
			}
		},
		"vscode-debugprotocol": {
			"version": "1.24.0",
			"resolved": "https://registry.npmjs.org/vscode-debugprotocol/-/vscode-debugprotocol-1.24.0.tgz",
			"integrity": "sha1-28EOjX2VsQJyehmvPw/O9+JSsI4="
		}
	}
}
